// !$*UTF8*$!
{
	archiveVersion = 1;
	classes = {
	};
	objectVersion = 50;
	objects = {

/* Begin PBXBuildFile section */
		E2D8507822172ACB0089604B /* AppDelegate.swift in Sources */ = {isa = PBXBuildFile; fileRef = E2D8507722172ACB0089604B /* AppDelegate.swift */; };
		E2D8507A22172ACB0089604B /* HomeViewController.swift in Sources */ = {isa = PBXBuildFile; fileRef = E2D8507922172ACB0089604B /* HomeViewController.swift */; };
		E2D8507D22172ACB0089604B /* Main.storyboard in Resources */ = {isa = PBXBuildFile; fileRef = E2D8507B22172ACB0089604B /* Main.storyboard */; };
		E2D8507F22172ACD0089604B /* Assets.xcassets in Resources */ = {isa = PBXBuildFile; fileRef = E2D8507E22172ACD0089604B /* Assets.xcassets */; };
		E2D8508222172ACD0089604B /* LaunchScreen.storyboard in Resources */ = {isa = PBXBuildFile; fileRef = E2D8508022172ACD0089604B /* LaunchScreen.storyboard */; };
		E2D8508D22172ACD0089604B /* hogeTests.swift in Sources */ = {isa = PBXBuildFile; fileRef = E2D8508C22172ACD0089604B /* hogeTests.swift */; };
		E2D8509822172ACD0089604B /* hogeUITests.swift in Sources */ = {isa = PBXBuildFile; fileRef = E2D8509722172ACD0089604B /* hogeUITests.swift */; };
/* End PBXBuildFile section */

/* Begin PBXContainerItemProxy section */
		E2D8508922172ACD0089604B /* PBXContainerItemProxy */ = {
			isa = PBXContainerItemProxy;
			containerPortal = E2D8506C22172ACB0089604B /* Project object */;
			proxyType = 1;
			remoteGlobalIDString = E2D8507322172ACB0089604B;
			remoteInfo = hoge;
		};
		E2D8509422172ACD0089604B /* PBXContainerItemProxy */ = {
			isa = PBXContainerItemProxy;
			containerPortal = E2D8506C22172ACB0089604B /* Project object */;
			proxyType = 1;
			remoteGlobalIDString = E2D8507322172ACB0089604B;
			remoteInfo = hoge;
		};
/* End PBXContainerItemProxy section */

/* Begin PBXFileReference section */
		E2D8507422172ACB0089604B /* hoge.app */ = {isa = PBXFileReference; explicitFileType = wrapper.application; includeInIndex = 0; path = hoge.app; sourceTree = BUILT_PRODUCTS_DIR; };
		E2D8507722172ACB0089604B /* AppDelegate.swift */ = {isa = PBXFileReference; lastKnownFileType = sourcecode.swift; path = AppDelegate.swift; sourceTree = "<group>"; };
		E2D8507922172ACB0089604B /* HomeViewController.swift */ = {isa = PBXFileReference; lastKnownFileType = sourcecode.swift; path = HomeViewController.swift; sourceTree = "<group>"; };
		E2D8507C22172ACB0089604B /* Base */ = {isa = PBXFileReference; lastKnownFileType = file.storyboard; name = Base; path = Base.lproj/Main.storyboard; sourceTree = "<group>"; };
		E2D8507E22172ACD0089604B /* Assets.xcassets */ = {isa = PBXFileReference; lastKnownFileType = folder.assetcatalog; path = Assets.xcassets; sourceTree = "<group>"; };
		E2D8508122172ACD0089604B /* Base */ = {isa = PBXFileReference; lastKnownFileType = file.storyboard; name = Base; path = Base.lproj/LaunchScreen.storyboard; sourceTree = "<group>"; };
		E2D8508322172ACD0089604B /* Info.plist */ = {isa = PBXFileReference; lastKnownFileType = text.plist.xml; path = Info.plist; sourceTree = "<group>"; };
		E2D8508822172ACD0089604B /* hogeTests.xctest */ = {isa = PBXFileReference; explicitFileType = wrapper.cfbundle; includeInIndex = 0; path = hogeTests.xctest; sourceTree = BUILT_PRODUCTS_DIR; };
		E2D8508C22172ACD0089604B /* hogeTests.swift */ = {isa = PBXFileReference; lastKnownFileType = sourcecode.swift; path = hogeTests.swift; sourceTree = "<group>"; };
		E2D8508E22172ACD0089604B /* Info.plist */ = {isa = PBXFileReference; lastKnownFileType = text.plist.xml; path = Info.plist; sourceTree = "<group>"; };
		E2D8509322172ACD0089604B /* hogeUITests.xctest */ = {isa = PBXFileReference; explicitFileType = wrapper.cfbundle; includeInIndex = 0; path = hogeUITests.xctest; sourceTree = BUILT_PRODUCTS_DIR; };
		E2D8509722172ACD0089604B /* hogeUITests.swift */ = {isa = PBXFileReference; lastKnownFileType = sourcecode.swift; path = hogeUITests.swift; sourceTree = "<group>"; };
		E2D8509922172ACD0089604B /* Info.plist */ = {isa = PBXFileReference; lastKnownFileType = text.plist.xml; path = Info.plist; sourceTree = "<group>"; };
/* End PBXFileReference section */

/* Begin PBXFrameworksBuildPhase section */
		E2D8507122172ACB0089604B /* Frameworks */ = {
			isa = PBXFrameworksBuildPhase;
			buildActionMask = 2147483647;
			files = (
			);
			runOnlyForDeploymentPostprocessing = 0;
		};
		E2D8508522172ACD0089604B /* Frameworks */ = {
			isa = PBXFrameworksBuildPhase;
			buildActionMask = 2147483647;
			files = (
			);
			runOnlyForDeploymentPostprocessing = 0;
		};
		E2D8509022172ACD0089604B /* Frameworks */ = {
			isa = PBXFrameworksBuildPhase;
			buildActionMask = 2147483647;
			files = (
			);
			runOnlyForDeploymentPostprocessing = 0;
		};
/* End PBXFrameworksBuildPhase section */

/* Begin PBXGroup section */
		E2D8506B22172ACB0089604B = {
			isa = PBXGroup;
			children = (
				E2D8507622172ACB0089604B /* hoge */,
				E2D8508B22172ACD0089604B /* hogeTests */,
				E2D8509622172ACD0089604B /* hogeUITests */,
				E2D8507522172ACB0089604B /* Products */,
			);
			sourceTree = "<group>";
		};
		E2D8507522172ACB0089604B /* Products */ = {
			isa = PBXGroup;
			children = (
				E2D8507422172ACB0089604B /* hoge.app */,
				E2D8508822172ACD0089604B /* hogeTests.xctest */,
				E2D8509322172ACD0089604B /* hogeUITests.xctest */,
			);
			name = Products;
			sourceTree = "<group>";
		};
		E2D8507622172ACB0089604B /* hoge */ = {
			isa = PBXGroup;
			children = (
				E2D8507722172ACB0089604B /* AppDelegate.swift */,
				E2D8507922172ACB0089604B /* HomeViewController.swift */,
				E2D8507B22172ACB0089604B /* Main.storyboard */,
				E2D8507E22172ACD0089604B /* Assets.xcassets */,
				E2D8508022172ACD0089604B /* LaunchScreen.storyboard */,
				E2D8508322172ACD0089604B /* Info.plist */,
			);
			path = hoge;
			sourceTree = "<group>";
		};
		E2D8508B22172ACD0089604B /* hogeTests */ = {
			isa = PBXGroup;
			children = (
				E2D8508C22172ACD0089604B /* hogeTests.swift */,
				E2D8508E22172ACD0089604B /* Info.plist */,
			);
			path = hogeTests;
			sourceTree = "<group>";
		};
		E2D8509622172ACD0089604B /* hogeUITests */ = {
			isa = PBXGroup;
			children = (
				E2D8509722172ACD0089604B /* hogeUITests.swift */,
				E2D8509922172ACD0089604B /* Info.plist */,
			);
			path = hogeUITests;
			sourceTree = "<group>";
		};
/* End PBXGroup section */

/* Begin PBXNativeTarget section */
		E2D8507322172ACB0089604B /* hoge */ = {
			isa = PBXNativeTarget;
			buildConfigurationList = E2D8509C22172ACD0089604B /* Build configuration list for PBXNativeTarget "hoge" */;
			buildPhases = (
				E2D8507022172ACB0089604B /* Sources */,
				E2D8507122172ACB0089604B /* Frameworks */,
				E2D8507222172ACB0089604B /* Resources */,
			);
			buildRules = (
			);
			dependencies = (
			);
			name = hoge;
			productName = hoge;
			productReference = E2D8507422172ACB0089604B /* hoge.app */;
			productType = "com.apple.product-type.application";
		};
		E2D8508722172ACD0089604B /* hogeTests */ = {
			isa = PBXNativeTarget;
			buildConfigurationList = E2D8509F22172ACD0089604B /* Build configuration list for PBXNativeTarget "hogeTests" */;
			buildPhases = (
				E2D8508422172ACD0089604B /* Sources */,
				E2D8508522172ACD0089604B /* Frameworks */,
				E2D8508622172ACD0089604B /* Resources */,
			);
			buildRules = (
			);
			dependencies = (
				E2D8508A22172ACD0089604B /* PBXTargetDependency */,
			);
			name = hogeTests;
			productName = hogeTests;
			productReference = E2D8508822172ACD0089604B /* hogeTests.xctest */;
			productType = "com.apple.product-type.bundle.unit-test";
		};
		E2D8509222172ACD0089604B /* hogeUITests */ = {
			isa = PBXNativeTarget;
			buildConfigurationList = E2D850A222172ACD0089604B /* Build configuration list for PBXNativeTarget "hogeUITests" */;
			buildPhases = (
				E2D8508F22172ACD0089604B /* Sources */,
				E2D8509022172ACD0089604B /* Frameworks */,
				E2D8509122172ACD0089604B /* Resources */,
			);
			buildRules = (
			);
			dependencies = (
				E2D8509522172ACD0089604B /* PBXTargetDependency */,
			);
			name = hogeUITests;
			productName = hogeUITests;
			productReference = E2D8509322172ACD0089604B /* hogeUITests.xctest */;
			productType = "com.apple.product-type.bundle.ui-testing";
		};
/* End PBXNativeTarget section */

/* Begin PBXProject section */
		E2D8506C22172ACB0089604B /* Project object */ = {
			isa = PBXProject;
			attributes = {
				LastSwiftUpdateCheck = 1010;
				LastUpgradeCheck = 1010;
				ORGANIZATIONNAME = hoge;
				TargetAttributes = {
					E2D8507322172ACB0089604B = {
						CreatedOnToolsVersion = 10.1;
					};
					E2D8508722172ACD0089604B = {
						CreatedOnToolsVersion = 10.1;
						TestTargetID = E2D8507322172ACB0089604B;
					};
					E2D8509222172ACD0089604B = {
						CreatedOnToolsVersion = 10.1;
						TestTargetID = E2D8507322172ACB0089604B;
					};
				};
			};
			buildConfigurationList = E2D8506F22172ACB0089604B /* Build configuration list for PBXProject "hoge" */;
			compatibilityVersion = "Xcode 9.3";
			developmentRegion = en;
			hasScannedForEncodings = 0;
			knownRegions = (
				en,
				Base,
			);
			mainGroup = E2D8506B22172ACB0089604B;
			productRefGroup = E2D8507522172ACB0089604B /* Products */;
			projectDirPath = "";
			projectRoot = "";
			targets = (
				E2D8507322172ACB0089604B /* hoge */,
				E2D8508722172ACD0089604B /* hogeTests */,
				E2D8509222172ACD0089604B /* hogeUITests */,
			);
		};
/* End PBXProject section */

/* Begin PBXResourcesBuildPhase section */
		E2D8507222172ACB0089604B /* Resources */ = {
			isa = PBXResourcesBuildPhase;
			buildActionMask = 2147483647;
			files = (
				E2D8508222172ACD0089604B /* LaunchScreen.storyboard in Resources */,
				E2D8507F22172ACD0089604B /* Assets.xcassets in Resources */,
				E2D8507D22172ACB0089604B /* Main.storyboard in Resources */,
			);
			runOnlyForDeploymentPostprocessing = 0;
		};
		E2D8508622172ACD0089604B /* Resources */ = {
			isa = PBXResourcesBuildPhase;
			buildActionMask = 2147483647;
			files = (
			);
			runOnlyForDeploymentPostprocessing = 0;
		};
		E2D8509122172ACD0089604B /* Resources */ = {
			isa = PBXResourcesBuildPhase;
			buildActionMask = 2147483647;
			files = (
			);
			runOnlyForDeploymentPostprocessing = 0;
		};
/* End PBXResourcesBuildPhase section */

/* Begin PBXSourcesBuildPhase section */
		E2D8507022172ACB0089604B /* Sources */ = {
			isa = PBXSourcesBuildPhase;
			buildActionMask = 2147483647;
			files = (
				E2D8507A22172ACB0089604B /* HomeViewController.swift in Sources */,
				E2D8507822172ACB0089604B /* AppDelegate.swift in Sources */,
			);
			runOnlyForDeploymentPostprocessing = 0;
		};
		E2D8508422172ACD0089604B /* Sources */ = {
			isa = PBXSourcesBuildPhase;
			buildActionMask = 2147483647;
			files = (
				E2D8508D22172ACD0089604B /* hogeTests.swift in Sources */,
			);
			runOnlyForDeploymentPostprocessing = 0;
		};
		E2D8508F22172ACD0089604B /* Sources */ = {
			isa = PBXSourcesBuildPhase;
			buildActionMask = 2147483647;
			files = (
				E2D8509822172ACD0089604B /* hogeUITests.swift in Sources */,
			);
			runOnlyForDeploymentPostprocessing = 0;
		};
/* End PBXSourcesBuildPhase section */

/* Begin PBXTargetDependency section */
		E2D8508A22172ACD0089604B /* PBXTargetDependency */ = {
			isa = PBXTargetDependency;
			target = E2D8507322172ACB0089604B /* hoge */;
			targetProxy = E2D8508922172ACD0089604B /* PBXContainerItemProxy */;
		};
		E2D8509522172ACD0089604B /* PBXTargetDependency */ = {
			isa = PBXTargetDependency;
			target = E2D8507322172ACB0089604B /* hoge */;
			targetProxy = E2D8509422172ACD0089604B /* PBXContainerItemProxy */;
		};
/* End PBXTargetDependency section */

/* Begin PBXVariantGroup section */
		E2D8507B22172ACB0089604B /* Main.storyboard */ = {
			isa = PBXVariantGroup;
			children = (
				E2D8507C22172ACB0089604B /* Base */,
			);
			name = Main.storyboard;
			sourceTree = "<group>";
		};
		E2D8508022172ACD0089604B /* LaunchScreen.storyboard */ = {
			isa = PBXVariantGroup;
			children = (
				E2D8508122172ACD0089604B /* Base */,
			);
			name = LaunchScreen.storyboard;
			sourceTree = "<group>";
		};
/* End PBXVariantGroup section */

/* Begin XCBuildConfiguration section */
		E2D8509A22172ACD0089604B /* Debug */ = {
			isa = XCBuildConfiguration;
			buildSettings = {
				ALWAYS_SEARCH_USER_PATHS = NO;
				CLANG_ANALYZER_NONNULL = YES;
				CLANG_ANALYZER_NUMBER_OBJECT_CONVERSION = YES_AGGRESSIVE;
				CLANG_CXX_LANGUAGE_STANDARD = "gnu++14";
				CLANG_CXX_LIBRARY = "libc++";
				CLANG_ENABLE_MODULES = YES;
				CLANG_ENABLE_OBJC_ARC = YES;
				CLANG_ENABLE_OBJC_WEAK = YES;
				CLANG_WARN_BLOCK_CAPTURE_AUTORELEASING = YES;
				CLANG_WARN_BOOL_CONVERSION = YES;
				CLANG_WARN_COMMA = YES;
				CLANG_WARN_CONSTANT_CONVERSION = YES;
				CLANG_WARN_DEPRECATED_OBJC_IMPLEMENTATIONS = YES;
				CLANG_WARN_DIRECT_OBJC_ISA_USAGE = YES_ERROR;
				CLANG_WARN_DOCUMENTATION_COMMENTS = YES;
				CLANG_WARN_EMPTY_BODY = YES;
				CLANG_WARN_ENUM_CONVERSION = YES;
				CLANG_WARN_INFINITE_RECURSION = YES;
				CLANG_WARN_INT_CONVERSION = YES;
				CLANG_WARN_NON_LITERAL_NULL_CONVERSION = YES;
				CLANG_WARN_OBJC_IMPLICIT_RETAIN_SELF = YES;
				CLANG_WARN_OBJC_LITERAL_CONVERSION = YES;
				CLANG_WARN_OBJC_ROOT_CLASS = YES_ERROR;
				CLANG_WARN_RANGE_LOOP_ANALYSIS = YES;
				CLANG_WARN_STRICT_PROTOTYPES = YES;
				CLANG_WARN_SUSPICIOUS_MOVE = YES;
				CLANG_WARN_UNGUARDED_AVAILABILITY = YES_AGGRESSIVE;
				CLANG_WARN_UNREACHABLE_CODE = YES;
				CLANG_WARN__DUPLICATE_METHOD_MATCH = YES;
				CODE_SIGN_IDENTITY = "iPhone Developer";
				COPY_PHASE_STRIP = NO;
				DEBUG_INFORMATION_FORMAT = dwarf;
				ENABLE_STRICT_OBJC_MSGSEND = YES;
				ENABLE_TESTABILITY = YES;
				GCC_C_LANGUAGE_STANDARD = gnu11;
				GCC_DYNAMIC_NO_PIC = NO;
				GCC_NO_COMMON_BLOCKS = YES;
				GCC_OPTIMIZATION_LEVEL = 0;
				GCC_PREPROCESSOR_DEFINITIONS = (
					"DEBUG=1",
					"$(inherited)",
				);
				GCC_WARN_64_TO_32_BIT_CONVERSION = YES;
				GCC_WARN_ABOUT_RETURN_TYPE = YES_ERROR;
				GCC_WARN_UNDECLARED_SELECTOR = YES;
				GCC_WARN_UNINITIALIZED_AUTOS = YES_AGGRESSIVE;
				GCC_WARN_UNUSED_FUNCTION = YES;
				GCC_WARN_UNUSED_VARIABLE = YES;
				IPHONEOS_DEPLOYMENT_TARGET = 12.1;
				MTL_ENABLE_DEBUG_INFO = INCLUDE_SOURCE;
				MTL_FAST_MATH = YES;
				ONLY_ACTIVE_ARCH = YES;
				SDKROOT = iphoneos;
				SWIFT_ACTIVE_COMPILATION_CONDITIONS = DEBUG;
				SWIFT_OPTIMIZATION_LEVEL = "-Onone";
			};
			name = Debug;
		};
		E2D8509B22172ACD0089604B /* Release */ = {
			isa = XCBuildConfiguration;
			buildSettings = {
				ALWAYS_SEARCH_USER_PATHS = NO;
				CLANG_ANALYZER_NONNULL = YES;
				CLANG_ANALYZER_NUMBER_OBJECT_CONVERSION = YES_AGGRESSIVE;
				CLANG_CXX_LANGUAGE_STANDARD = "gnu++14";
				CLANG_CXX_LIBRARY = "libc++";
				CLANG_ENABLE_MODULES = YES;
				CLANG_ENABLE_OBJC_ARC = YES;
				CLANG_ENABLE_OBJC_WEAK = YES;
				CLANG_WARN_BLOCK_CAPTURE_AUTORELEASING = YES;
				CLANG_WARN_BOOL_CONVERSION = YES;
				CLANG_WARN_COMMA = YES;
				CLANG_WARN_CONSTANT_CONVERSION = YES;
				CLANG_WARN_DEPRECATED_OBJC_IMPLEMENTATIONS = YES;
				CLANG_WARN_DIRECT_OBJC_ISA_USAGE = YES_ERROR;
				CLANG_WARN_DOCUMENTATION_COMMENTS = YES;
				CLANG_WARN_EMPTY_BODY = YES;
				CLANG_WARN_ENUM_CONVERSION = YES;
				CLANG_WARN_INFINITE_RECURSION = YES;
				CLANG_WARN_INT_CONVERSION = YES;
				CLANG_WARN_NON_LITERAL_NULL_CONVERSION = YES;
				CLANG_WARN_OBJC_IMPLICIT_RETAIN_SELF = YES;
				CLANG_WARN_OBJC_LITERAL_CONVERSION = YES;
				CLANG_WARN_OBJC_ROOT_CLASS = YES_ERROR;
				CLANG_WARN_RANGE_LOOP_ANALYSIS = YES;
				CLANG_WARN_STRICT_PROTOTYPES = YES;
				CLANG_WARN_SUSPICIOUS_MOVE = YES;
				CLANG_WARN_UNGUARDED_AVAILABILITY = YES_AGGRESSIVE;
				CLANG_WARN_UNREACHABLE_CODE = YES;
				CLANG_WARN__DUPLICATE_METHOD_MATCH = YES;
				CODE_SIGN_IDENTITY = "iPhone Developer";
				COPY_PHASE_STRIP = NO;
				DEBUG_INFORMATION_FORMAT = "dwarf-with-dsym";
				ENABLE_NS_ASSERTIONS = NO;
				ENABLE_STRICT_OBJC_MSGSEND = YES;
				GCC_C_LANGUAGE_STANDARD = gnu11;
				GCC_NO_COMMON_BLOCKS = YES;
				GCC_WARN_64_TO_32_BIT_CONVERSION = YES;
				GCC_WARN_ABOUT_RETURN_TYPE = YES_ERROR;
				GCC_WARN_UNDECLARED_SELECTOR = YES;
				GCC_WARN_UNINITIALIZED_AUTOS = YES_AGGRESSIVE;
				GCC_WARN_UNUSED_FUNCTION = YES;
				GCC_WARN_UNUSED_VARIABLE = YES;
				IPHONEOS_DEPLOYMENT_TARGET = 12.1;
				MTL_ENABLE_DEBUG_INFO = NO;
				MTL_FAST_MATH = YES;
				SDKROOT = iphoneos;
				SWIFT_COMPILATION_MODE = wholemodule;
				SWIFT_OPTIMIZATION_LEVEL = "-O";
				VALIDATE_PRODUCT = YES;
			};
			name = Release;
		};
		E2D8509D22172ACD0089604B /* Debug */ = {
			isa = XCBuildConfiguration;
			buildSettings = {
				ASSETCATALOG_COMPILER_APPICON_NAME = AppIcon;
				CODE_SIGN_STYLE = Automatic;
				DEVELOPMENT_TEAM = 5SRZB7P525;
				INFOPLIST_FILE = hoge/Info.plist;
				LD_RUNPATH_SEARCH_PATHS = (
					"$(inherited)",
					"@executable_path/Frameworks",
				);
				PRODUCT_BUNDLE_IDENTIFIER = SaKu.osero.hoge;
				PRODUCT_NAME = "$(TARGET_NAME)";
				SWIFT_VERSION = 4.2;
				TARGETED_DEVICE_FAMILY = "1,2";
			};
			name = Debug;
		};
		E2D8509E22172ACD0089604B /* Release */ = {
			isa = XCBuildConfiguration;
			buildSettings = {
				ASSETCATALOG_COMPILER_APPICON_NAME = AppIcon;
				CODE_SIGN_STYLE = Automatic;
				DEVELOPMENT_TEAM = 5SRZB7P525;
				INFOPLIST_FILE = hoge/Info.plist;
				LD_RUNPATH_SEARCH_PATHS = (
					"$(inherited)",
					"@executable_path/Frameworks",
				);
				PRODUCT_BUNDLE_IDENTIFIER = SaKu.osero.hoge;
				PRODUCT_NAME = "$(TARGET_NAME)";
				SWIFT_VERSION = 4.2;
				TARGETED_DEVICE_FAMILY = "1,2";
			};
			name = Release;
		};
		E2D850A022172ACD0089604B /* Debug */ = {
			isa = XCBuildConfiguration;
			buildSettings = {
				ALWAYS_EMBED_SWIFT_STANDARD_LIBRARIES = YES;
				BUNDLE_LOADER = "$(TEST_HOST)";
				CODE_SIGN_STYLE = Automatic;
				DEVELOPMENT_TEAM = 5SRZB7P525;
				INFOPLIST_FILE = hogeTests/Info.plist;
				LD_RUNPATH_SEARCH_PATHS = (
					"$(inherited)",
					"@executable_path/Frameworks",
					"@loader_path/Frameworks",
				);
				PRODUCT_BUNDLE_IDENTIFIER = SaKu.osero.hogeTests;
				PRODUCT_NAME = "$(TARGET_NAME)";
				SWIFT_VERSION = 4.2;
				TARGETED_DEVICE_FAMILY = "1,2";
				TEST_HOST = "$(BUILT_PRODUCTS_DIR)/hoge.app/hoge";
			};
			name = Debug;
		};
		E2D850A122172ACD0089604B /* Release */ = {
			isa = XCBuildConfiguration;
			buildSettings = {
				ALWAYS_EMBED_SWIFT_STANDARD_LIBRARIES = YES;
				BUNDLE_LOADER = "$(TEST_HOST)";
				CODE_SIGN_STYLE = Automatic;
				DEVELOPMENT_TEAM = 5SRZB7P525;
				INFOPLIST_FILE = hogeTests/Info.plist;
				LD_RUNPATH_SEARCH_PATHS = (
					"$(inherited)",
					"@executable_path/Frameworks",
					"@loader_path/Frameworks",
				);
				PRODUCT_BUNDLE_IDENTIFIER = SaKu.osero.hogeTests;
				PRODUCT_NAME = "$(TARGET_NAME)";
				SWIFT_VERSION = 4.2;
				TARGETED_DEVICE_FAMILY = "1,2";
				TEST_HOST = "$(BUILT_PRODUCTS_DIR)/hoge.app/hoge";
			};
			name = Release;
		};
		E2D850A322172ACD0089604B /* Debug */ = {
			isa = XCBuildConfiguration;
			buildSettings = {
				ALWAYS_EMBED_SWIFT_STANDARD_LIBRARIES = YES;
				CODE_SIGN_STYLE = Automatic;
				DEVELOPMENT_TEAM = 5SRZB7P525;
				INFOPLIST_FILE = hogeUITests/Info.plist;
				LD_RUNPATH_SEARCH_PATHS = (
					"$(inherited)",
					"@executable_path/Frameworks",
					"@loader_path/Frameworks",
				);
				PRODUCT_BUNDLE_IDENTIFIER = SaKu.osero.hogeUITests;
				PRODUCT_NAME = "$(TARGET_NAME)";
				SWIFT_VERSION = 4.2;
				TARGETED_DEVICE_FAMILY = "1,2";
				TEST_TARGET_NAME = hoge;
			};
			name = Debug;
		};
		E2D850A422172ACD0089604B /* Release */ = {
			isa = XCBuildConfiguration;
			buildSettings = {
				ALWAYS_EMBED_SWIFT_STANDARD_LIBRARIES = YES;
				CODE_SIGN_STYLE = Automatic;
				DEVELOPMENT_TEAM = 5SRZB7P525;
				INFOPLIST_FILE = hogeUITests/Info.plist;
				LD_RUNPATH_SEARCH_PATHS = (
					"$(inherited)",
					"@executable_path/Frameworks",
					"@loader_path/Frameworks",
				);
				PRODUCT_BUNDLE_IDENTIFIER = SaKu.osero.hogeUITests;
				PRODUCT_NAME = "$(TARGET_NAME)";
				SWIFT_VERSION = 4.2;
				TARGETED_DEVICE_FAMILY = "1,2";
				TEST_TARGET_NAME = hoge;
			};
			name = Release;
		};
/* End XCBuildConfiguration section */

/* Begin XCConfigurationList section */
		E2D8506F22172ACB0089604B /* Build configuration list for PBXProject "hoge" */ = {
			isa = XCConfigurationList;
			buildConfigurations = (
				E2D8509A22172ACD0089604B /* Debug */,
				E2D8509B22172ACD0089604B /* Release */,
			);
			defaultConfigurationIsVisible = 0;
			defaultConfigurationName = Release;
		};
		E2D8509C22172ACD0089604B /* Build configuration list for PBXNativeTarget "hoge" */ = {
			isa = XCConfigurationList;
			buildConfigurations = (
				E2D8509D22172ACD0089604B /* Debug */,
				E2D8509E22172ACD0089604B /* Release */,
			);
			defaultConfigurationIsVisible = 0;
			defaultConfigurationName = Release;
		};
		E2D8509F22172ACD0089604B /* Build configuration list for PBXNativeTarget "hogeTests" */ = {
			isa = XCConfigurationList;
			buildConfigurations = (
				E2D850A022172ACD0089604B /* Debug */,
				E2D850A122172ACD0089604B /* Release */,
			);
			defaultConfigurationIsVisible = 0;
			defaultConfigurationName = Release;
		};
		E2D850A222172ACD0089604B /* Build configuration list for PBXNativeTarget "hogeUITests" */ = {
			isa = XCConfigurationList;
			buildConfigurations = (
				E2D850A322172ACD0089604B /* Debug */,
				E2D850A422172ACD0089604B /* Release */,
			);
			defaultConfigurationIsVisible = 0;
			defaultConfigurationName = Release;
		};
/* End XCConfigurationList section */
	};
	rootObject = E2D8506C22172ACB0089604B /* Project object */;
}
